
Microsoft Visual Studio Solution File, Format Version 12.00
# Visual Studio 15
VisualStudioVersion = 15.0.28307.960
MinimumVisualStudioVersion = 10.0.40219.1
Project("{FAE04EC0-301F-11D3-BF4B-00C04F79EFBC}") = "MusicNamer", "MusicNamer\MusicNamer.csproj", "{22893944-5744-491A-A6D4-6CAEB7394735}"
EndProject
Global
	GlobalSection(SolutionConfigurationPlatforms) = preSolution
		Debug|Any CPU = Debug|Any CPU
		Release|Any CPU = Release|Any CPU
	EndGlobalSection
	GlobalSection(ProjectConfigurationPlatforms) = postSolution
		{22893944-5744-491A-A6D4-6CAEB7394735}.Debug|Any CPU.ActiveCfg = Debug|Any CPU
		{22893944-5744-491A-A6D4-6CAEB7394735}.Debug|Any CPU.Build.0 = Debug|Any CPU
		{22893944-5744-491A-A6D4-6CAEB7394735}.Release|Any CPU.ActiveCfg = Release|Any CPU
		{22893944-5744-491A-A6D4-6CAEB7394735}.Release|Any CPU.Build.0 = Release|Any CPU
	EndGlobalSection
	GlobalSection(SolutionProperties) = preSolution
		HideSolutionNode = FALSE
	EndGlobalSection
	GlobalSection(ExtensibilityGlobals) = postSolution
		SolutionGuid = {041B9344-5201-41E3-AF92-889897A2982E}
	EndGlobalSection
EndGlobal
